
Microsoft Visual Studio Solution File, Format Version 12.00
# Visual Studio Version 17
VisualStudioVersion = 17.4.33403.182
MinimumVisualStudioVersion = 10.0.40219.1
Project("{FAE04EC0-301F-11D3-BF4B-00C04F79EFBC}") = "Notepad", "Notepad.csproj", "{B3F30959-1C74-414D-AE4F-4B4E72F8B42E}"
EndProject
Global
	GlobalSection(SolutionConfigurationPlatforms) = preSolution
		Debug|Any CPU = Debug|Any CPU
		Release|Any CPU = Release|Any CPU
	EndGlobalSection
	GlobalSection(ProjectConfigurationPlatforms) = postSolution
		{B3F30959-1C74-414D-AE4F-4B4E72F8B42E}.Debug|Any CPU.ActiveCfg = Debug|Any CPU
		{B3F30959-1C74-414D-AE4F-4B4E72F8B42E}.Debug|Any CPU.Build.0 = Debug|Any CPU
		{B3F30959-1C74-414D-AE4F-4B4E72F8B42E}.Release|Any CPU.ActiveCfg = Release|Any CPU
		{B3F30959-1C74-414D-AE4F-4B4E72F8B42E}.Release|Any CPU.Build.0 = Release|Any CPU
	EndGlobalSection
	GlobalSection(SolutionProperties) = preSolution
		HideSolutionNode = FALSE
	EndGlobalSection
	GlobalSection(ExtensibilityGlobals) = postSolution
		SolutionGuid = {2EC4A8DE-7100-473B-9288-CA2F3767B74F}
	EndGlobalSection
EndGlobal
